
Microsoft Visual Studio Solution File, Format Version 11.00
# Visual Studio 2010
Project("{FAE04EC0-301F-11D3-BF4B-00C04F79EFBC}") = "Simple-Doodle-Jump", "Assembly-CSharp.csproj", "{A404EBB6-5EA9-7E28-4A4E-FCFD9B9790FC}"
EndProject
Global
	GlobalSection(SolutionConfigurationPlatforms) = preSolution
		Debug|Any CPU = Debug|Any CPU
		Release|Any CPU = Release|Any CPU
	EndGlobalSection
	GlobalSection(ProjectConfigurationPlatforms) = postSolution
		{A404EBB6-5EA9-7E28-4A4E-FCFD9B9790FC}.Debug|Any CPU.ActiveCfg = Debug|Any CPU
		{A404EBB6-5EA9-7E28-4A4E-FCFD9B9790FC}.Debug|Any CPU.Build.0 = Debug|Any CPU
		{A404EBB6-5EA9-7E28-4A4E-FCFD9B9790FC}.Release|Any CPU.ActiveCfg = Release|Any CPU
		{A404EBB6-5EA9-7E28-4A4E-FCFD9B9790FC}.Release|Any CPU.Build.0 = Release|Any CPU
	EndGlobalSection
	GlobalSection(SolutionProperties) = preSolution
		HideSolutionNode = FALSE
	EndGlobalSection
	GlobalSection(MonoDevelopProperties) = preSolution
		StartupItem = Assembly-CSharp.csproj
	EndGlobalSection
EndGlobal
